
Microsoft Visual Studio Solution File, Format Version 12.00
# Visual Studio Version 16
VisualStudioVersion = 16.0.31624.102
MinimumVisualStudioVersion = 10.0.40219.1
Project("{9A19103F-16F7-4668-BE54-9A1E7A4F7556}") = "todoitm.Common", "todoitm.Common\todoitm.Common.csproj", "{302FFF0E-C6F7-4A12-A6F1-65BF2FF99E9E}"
EndProject
Project("{9A19103F-16F7-4668-BE54-9A1E7A4F7556}") = "todoitm.Functions", "todoitm.Functions\todoitm.Functions.csproj", "{30C93D19-651B-49F9-95DD-FC6BCF1E0896}"
EndProject
Project("{FAE04EC0-301F-11D3-BF4B-00C04F79EFBC}") = "todoitm.Test", "todoitm.Test\todoitm.Test.csproj", "{98C3F89A-B87E-4666-9CF8-9D5C97CAA52B}"
EndProject
Global
	GlobalSection(SolutionConfigurationPlatforms) = preSolution
		Debug|Any CPU = Debug|Any CPU
		Release|Any CPU = Release|Any CPU
	EndGlobalSection
	GlobalSection(ProjectConfigurationPlatforms) = postSolution
		{302FFF0E-C6F7-4A12-A6F1-65BF2FF99E9E}.Debug|Any CPU.ActiveCfg = Debug|Any CPU
		{302FFF0E-C6F7-4A12-A6F1-65BF2FF99E9E}.Debug|Any CPU.Build.0 = Debug|Any CPU
		{302FFF0E-C6F7-4A12-A6F1-65BF2FF99E9E}.Release|Any CPU.ActiveCfg = Release|Any CPU
		{302FFF0E-C6F7-4A12-A6F1-65BF2FF99E9E}.Release|Any CPU.Build.0 = Release|Any CPU
		{30C93D19-651B-49F9-95DD-FC6BCF1E0896}.Debug|Any CPU.ActiveCfg = Debug|Any CPU
		{30C93D19-651B-49F9-95DD-FC6BCF1E0896}.Debug|Any CPU.Build.0 = Debug|Any CPU
		{30C93D19-651B-49F9-95DD-FC6BCF1E0896}.Release|Any CPU.ActiveCfg = Release|Any CPU
		{30C93D19-651B-49F9-95DD-FC6BCF1E0896}.Release|Any CPU.Build.0 = Release|Any CPU
		{98C3F89A-B87E-4666-9CF8-9D5C97CAA52B}.Debug|Any CPU.ActiveCfg = Debug|Any CPU
		{98C3F89A-B87E-4666-9CF8-9D5C97CAA52B}.Debug|Any CPU.Build.0 = Debug|Any CPU
		{98C3F89A-B87E-4666-9CF8-9D5C97CAA52B}.Release|Any CPU.ActiveCfg = Release|Any CPU
		{98C3F89A-B87E-4666-9CF8-9D5C97CAA52B}.Release|Any CPU.Build.0 = Release|Any CPU
	EndGlobalSection
	GlobalSection(SolutionProperties) = preSolution
		HideSolutionNode = FALSE
	EndGlobalSection
	GlobalSection(ExtensibilityGlobals) = postSolution
		SolutionGuid = {1431BD53-C852-47BA-8DCD-A1618D848FBE}
	EndGlobalSection
EndGlobal
